
Microsoft Visual Studio Solution File, Format Version 12.00
# Visual Studio 2012
Project("{FAE04EC0-301F-11D3-BF4B-00C04F79EFBC}") = "Kinect4Map", "Kinect4Map\Kinect4Map.csproj", "{8241C00C-3175-4895-9019-2E9A77F8286B}"
EndProject
Project("{FAE04EC0-301F-11D3-BF4B-00C04F79EFBC}") = "Kinect4EsriMap", "Kinect4EsriMap\Kinect4EsriMap.csproj", "{E3DC6515-1F27-49EA-B275-5EA26AA73045}"
EndProject
Project("{FAE04EC0-301F-11D3-BF4B-00C04F79EFBC}") = "Kinect4TelerikMap", "Kinect4TelerikMap\Kinect4TelerikMap.csproj", "{A4C646BC-AAA5-445C-B439-DDF11584DF8F}"
EndProject
Project("{FAE04EC0-301F-11D3-BF4B-00C04F79EFBC}") = "MapUtils", "MapUtils\MapUtils.csproj", "{C0270F25-C396-48D9-A8CC-3C4D51F65B13}"
EndProject
Project("{FAE04EC0-301F-11D3-BF4B-00C04F79EFBC}") = "SampleWPFMapApp", "SampleWPFMapApp\SampleWPFMapApp.csproj", "{F429AE7E-3618-4D94-95B1-6A3D33CAF76C}"
EndProject
Project("{FAE04EC0-301F-11D3-BF4B-00C04F79EFBC}") = "Leap4TelerikMap", "Leap4TelerikMap\Leap4TelerikMap.csproj", "{2E04D876-E46B-40C7-8D21-C7818003EBDF}"
EndProject
Project("{FAE04EC0-301F-11D3-BF4B-00C04F79EFBC}") = "Leap4Map", "Leap4Map\Leap4Map.csproj", "{E3457D21-A977-47C5-839D-E964F06AEE58}"
EndProject
Project("{FAE04EC0-301F-11D3-BF4B-00C04F79EFBC}") = "NUI4Map", "NUI4Map\NUI4Map.csproj", "{CDC34235-020E-4368-962C-85C182C4D4AC}"
EndProject
Global
	GlobalSection(SolutionConfigurationPlatforms) = preSolution
		Debug|Any CPU = Debug|Any CPU
		Debug|Mixed Platforms = Debug|Mixed Platforms
		Debug|x86 = Debug|x86
		Release|Any CPU = Release|Any CPU
		Release|Mixed Platforms = Release|Mixed Platforms
		Release|x86 = Release|x86
	EndGlobalSection
	GlobalSection(ProjectConfigurationPlatforms) = postSolution
		{8241C00C-3175-4895-9019-2E9A77F8286B}.Debug|Any CPU.ActiveCfg = Debug|Any CPU
		{8241C00C-3175-4895-9019-2E9A77F8286B}.Debug|Any CPU.Build.0 = Debug|Any CPU
		{8241C00C-3175-4895-9019-2E9A77F8286B}.Debug|Mixed Platforms.ActiveCfg = Debug|Any CPU
		{8241C00C-3175-4895-9019-2E9A77F8286B}.Debug|Mixed Platforms.Build.0 = Debug|Any CPU
		{8241C00C-3175-4895-9019-2E9A77F8286B}.Debug|x86.ActiveCfg = Debug|Any CPU
		{8241C00C-3175-4895-9019-2E9A77F8286B}.Release|Any CPU.ActiveCfg = Release|Any CPU
		{8241C00C-3175-4895-9019-2E9A77F8286B}.Release|Any CPU.Build.0 = Release|Any CPU
		{8241C00C-3175-4895-9019-2E9A77F8286B}.Release|Mixed Platforms.ActiveCfg = Release|Any CPU
		{8241C00C-3175-4895-9019-2E9A77F8286B}.Release|Mixed Platforms.Build.0 = Release|Any CPU
		{8241C00C-3175-4895-9019-2E9A77F8286B}.Release|x86.ActiveCfg = Release|Any CPU
		{E3DC6515-1F27-49EA-B275-5EA26AA73045}.Debug|Any CPU.ActiveCfg = Debug|Any CPU
		{E3DC6515-1F27-49EA-B275-5EA26AA73045}.Debug|Any CPU.Build.0 = Debug|Any CPU
		{E3DC6515-1F27-49EA-B275-5EA26AA73045}.Debug|Mixed Platforms.ActiveCfg = Debug|Any CPU
		{E3DC6515-1F27-49EA-B275-5EA26AA73045}.Debug|Mixed Platforms.Build.0 = Debug|Any CPU
		{E3DC6515-1F27-49EA-B275-5EA26AA73045}.Debug|x86.ActiveCfg = Debug|Any CPU
		{E3DC6515-1F27-49EA-B275-5EA26AA73045}.Release|Any CPU.ActiveCfg = Release|Any CPU
		{E3DC6515-1F27-49EA-B275-5EA26AA73045}.Release|Any CPU.Build.0 = Release|Any CPU
		{E3DC6515-1F27-49EA-B275-5EA26AA73045}.Release|Mixed Platforms.ActiveCfg = Release|Any CPU
		{E3DC6515-1F27-49EA-B275-5EA26AA73045}.Release|Mixed Platforms.Build.0 = Release|Any CPU
		{E3DC6515-1F27-49EA-B275-5EA26AA73045}.Release|x86.ActiveCfg = Release|Any CPU
		{A4C646BC-AAA5-445C-B439-DDF11584DF8F}.Debug|Any CPU.ActiveCfg = Debug|Any CPU
		{A4C646BC-AAA5-445C-B439-DDF11584DF8F}.Debug|Any CPU.Build.0 = Debug|Any CPU
		{A4C646BC-AAA5-445C-B439-DDF11584DF8F}.Debug|Mixed Platforms.ActiveCfg = Debug|Any CPU
		{A4C646BC-AAA5-445C-B439-DDF11584DF8F}.Debug|Mixed Platforms.Build.0 = Debug|Any CPU
		{A4C646BC-AAA5-445C-B439-DDF11584DF8F}.Debug|x86.ActiveCfg = Debug|Any CPU
		{A4C646BC-AAA5-445C-B439-DDF11584DF8F}.Release|Any CPU.ActiveCfg = Release|Any CPU
		{A4C646BC-AAA5-445C-B439-DDF11584DF8F}.Release|Any CPU.Build.0 = Release|Any CPU
		{A4C646BC-AAA5-445C-B439-DDF11584DF8F}.Release|Mixed Platforms.ActiveCfg = Release|Any CPU
		{A4C646BC-AAA5-445C-B439-DDF11584DF8F}.Release|Mixed Platforms.Build.0 = Release|Any CPU
		{A4C646BC-AAA5-445C-B439-DDF11584DF8F}.Release|x86.ActiveCfg = Release|Any CPU
		{C0270F25-C396-48D9-A8CC-3C4D51F65B13}.Debug|Any CPU.ActiveCfg = Debug|Any CPU
		{C0270F25-C396-48D9-A8CC-3C4D51F65B13}.Debug|Any CPU.Build.0 = Debug|Any CPU
		{C0270F25-C396-48D9-A8CC-3C4D51F65B13}.Debug|Mixed Platforms.ActiveCfg = Debug|Any CPU
		{C0270F25-C396-48D9-A8CC-3C4D51F65B13}.Debug|Mixed Platforms.Build.0 = Debug|Any CPU
		{C0270F25-C396-48D9-A8CC-3C4D51F65B13}.Debug|x86.ActiveCfg = Debug|Any CPU
		{C0270F25-C396-48D9-A8CC-3C4D51F65B13}.Release|Any CPU.ActiveCfg = Release|Any CPU
		{C0270F25-C396-48D9-A8CC-3C4D51F65B13}.Release|Any CPU.Build.0 = Release|Any CPU
		{C0270F25-C396-48D9-A8CC-3C4D51F65B13}.Release|Mixed Platforms.ActiveCfg = Release|Any CPU
		{C0270F25-C396-48D9-A8CC-3C4D51F65B13}.Release|Mixed Platforms.Build.0 = Release|Any CPU
		{C0270F25-C396-48D9-A8CC-3C4D51F65B13}.Release|x86.ActiveCfg = Release|Any CPU
		{F429AE7E-3618-4D94-95B1-6A3D33CAF76C}.Debug|Any CPU.ActiveCfg = Debug|x86
		{F429AE7E-3618-4D94-95B1-6A3D33CAF76C}.Debug|Mixed Platforms.ActiveCfg = Debug|x86
		{F429AE7E-3618-4D94-95B1-6A3D33CAF76C}.Debug|Mixed Platforms.Build.0 = Debug|x86
		{F429AE7E-3618-4D94-95B1-6A3D33CAF76C}.Debug|x86.ActiveCfg = Debug|x86
		{F429AE7E-3618-4D94-95B1-6A3D33CAF76C}.Debug|x86.Build.0 = Debug|x86
		{F429AE7E-3618-4D94-95B1-6A3D33CAF76C}.Release|Any CPU.ActiveCfg = Release|x86
		{F429AE7E-3618-4D94-95B1-6A3D33CAF76C}.Release|Mixed Platforms.ActiveCfg = Release|x86
		{F429AE7E-3618-4D94-95B1-6A3D33CAF76C}.Release|Mixed Platforms.Build.0 = Release|x86
		{F429AE7E-3618-4D94-95B1-6A3D33CAF76C}.Release|x86.ActiveCfg = Release|x86
		{F429AE7E-3618-4D94-95B1-6A3D33CAF76C}.Release|x86.Build.0 = Release|x86
		{2E04D876-E46B-40C7-8D21-C7818003EBDF}.Debug|Any CPU.ActiveCfg = Debug|Any CPU
		{2E04D876-E46B-40C7-8D21-C7818003EBDF}.Debug|Any CPU.Build.0 = Debug|Any CPU
		{2E04D876-E46B-40C7-8D21-C7818003EBDF}.Debug|Mixed Platforms.ActiveCfg = Debug|Any CPU
		{2E04D876-E46B-40C7-8D21-C7818003EBDF}.Debug|Mixed Platforms.Build.0 = Debug|Any CPU
		{2E04D876-E46B-40C7-8D21-C7818003EBDF}.Debug|x86.ActiveCfg = Debug|Any CPU
		{2E04D876-E46B-40C7-8D21-C7818003EBDF}.Release|Any CPU.ActiveCfg = Release|Any CPU
		{2E04D876-E46B-40C7-8D21-C7818003EBDF}.Release|Any CPU.Build.0 = Release|Any CPU
		{2E04D876-E46B-40C7-8D21-C7818003EBDF}.Release|Mixed Platforms.ActiveCfg = Release|Any CPU
		{2E04D876-E46B-40C7-8D21-C7818003EBDF}.Release|Mixed Platforms.Build.0 = Release|Any CPU
		{2E04D876-E46B-40C7-8D21-C7818003EBDF}.Release|x86.ActiveCfg = Release|Any CPU
		{E3457D21-A977-47C5-839D-E964F06AEE58}.Debug|Any CPU.ActiveCfg = Debug|Any CPU
		{E3457D21-A977-47C5-839D-E964F06AEE58}.Debug|Any CPU.Build.0 = Debug|Any CPU
		{E3457D21-A977-47C5-839D-E964F06AEE58}.Debug|Mixed Platforms.ActiveCfg = Debug|Any CPU
		{E3457D21-A977-47C5-839D-E964F06AEE58}.Debug|Mixed Platforms.Build.0 = Debug|Any CPU
		{E3457D21-A977-47C5-839D-E964F06AEE58}.Debug|x86.ActiveCfg = Debug|Any CPU
		{E3457D21-A977-47C5-839D-E964F06AEE58}.Release|Any CPU.ActiveCfg = Release|Any CPU
		{E3457D21-A977-47C5-839D-E964F06AEE58}.Release|Any CPU.Build.0 = Release|Any CPU
		{E3457D21-A977-47C5-839D-E964F06AEE58}.Release|Mixed Platforms.ActiveCfg = Release|Any CPU
		{E3457D21-A977-47C5-839D-E964F06AEE58}.Release|Mixed Platforms.Build.0 = Release|Any CPU
		{E3457D21-A977-47C5-839D-E964F06AEE58}.Release|x86.ActiveCfg = Release|Any CPU
		{CDC34235-020E-4368-962C-85C182C4D4AC}.Debug|Any CPU.ActiveCfg = Debug|Any CPU
		{CDC34235-020E-4368-962C-85C182C4D4AC}.Debug|Any CPU.Build.0 = Debug|Any CPU
		{CDC34235-020E-4368-962C-85C182C4D4AC}.Debug|Mixed Platforms.ActiveCfg = Debug|Any CPU
		{CDC34235-020E-4368-962C-85C182C4D4AC}.Debug|Mixed Platforms.Build.0 = Debug|Any CPU
		{CDC34235-020E-4368-962C-85C182C4D4AC}.Debug|x86.ActiveCfg = Debug|Any CPU
		{CDC34235-020E-4368-962C-85C182C4D4AC}.Release|Any CPU.ActiveCfg = Release|Any CPU
		{CDC34235-020E-4368-962C-85C182C4D4AC}.Release|Any CPU.Build.0 = Release|Any CPU
		{CDC34235-020E-4368-962C-85C182C4D4AC}.Release|Mixed Platforms.ActiveCfg = Release|Any CPU
		{CDC34235-020E-4368-962C-85C182C4D4AC}.Release|Mixed Platforms.Build.0 = Release|Any CPU
		{CDC34235-020E-4368-962C-85C182C4D4AC}.Release|x86.ActiveCfg = Release|Any CPU
	EndGlobalSection
	GlobalSection(SolutionProperties) = preSolution
		HideSolutionNode = FALSE
	EndGlobalSection
EndGlobal
